
Microsoft Visual Studio Solution File, Format Version 12.00
# Visual Studio 2012
Project("{FAE04EC0-301F-11D3-BF4B-00C04F79EFBC}") = "facedetection1", "facedetection1\facedetection1.csproj", "{CC17EDA2-60FB-4960-AC01-C5EA81FE1947}"
EndProject
Global
	GlobalSection(SolutionConfigurationPlatforms) = preSolution
		Debug|Any CPU = Debug|Any CPU
		Release|Any CPU = Release|Any CPU
	EndGlobalSection
	GlobalSection(ProjectConfigurationPlatforms) = postSolution
		{CC17EDA2-60FB-4960-AC01-C5EA81FE1947}.Debug|Any CPU.ActiveCfg = Debug|Any CPU
		{CC17EDA2-60FB-4960-AC01-C5EA81FE1947}.Debug|Any CPU.Build.0 = Debug|Any CPU
		{CC17EDA2-60FB-4960-AC01-C5EA81FE1947}.Release|Any CPU.ActiveCfg = Release|Any CPU
		{CC17EDA2-60FB-4960-AC01-C5EA81FE1947}.Release|Any CPU.Build.0 = Release|Any CPU
	EndGlobalSection
	GlobalSection(SolutionProperties) = preSolution
		HideSolutionNode = FALSE
	EndGlobalSection
EndGlobal
